
Microsoft Visual Studio Solution File, Format Version 12.00
# Visual Studio Version 16
VisualStudioVersion = 25.0.1706.7
MinimumVisualStudioVersion = 10.0.40219.1
Project("{FAE04EC0-301F-11D3-BF4B-00C04F79EFBC}") = "KanyeAndRon", "KanyeAndRon\KanyeAndRon.csproj", "{92DA0F90-A686-4D26-92FA-E38E5DC76368}"
EndProject
Global
	GlobalSection(SolutionConfigurationPlatforms) = preSolution
		Debug|Any CPU = Debug|Any CPU
		Release|Any CPU = Release|Any CPU
	EndGlobalSection
	GlobalSection(ProjectConfigurationPlatforms) = postSolution
		{92DA0F90-A686-4D26-92FA-E38E5DC76368}.Debug|Any CPU.ActiveCfg = Debug|Any CPU
		{92DA0F90-A686-4D26-92FA-E38E5DC76368}.Debug|Any CPU.Build.0 = Debug|Any CPU
		{92DA0F90-A686-4D26-92FA-E38E5DC76368}.Release|Any CPU.ActiveCfg = Release|Any CPU
		{92DA0F90-A686-4D26-92FA-E38E5DC76368}.Release|Any CPU.Build.0 = Release|Any CPU
	EndGlobalSection
	GlobalSection(SolutionProperties) = preSolution
		HideSolutionNode = FALSE
	EndGlobalSection
	GlobalSection(ExtensibilityGlobals) = postSolution
		SolutionGuid = {F017346E-A50C-4FEF-BAB2-2338CED78B5C}
	EndGlobalSection
EndGlobal
